
Microsoft Visual Studio Solution File, Format Version 12.00
# Visual Studio Version 16
VisualStudioVersion = 16.0.34301.259
MinimumVisualStudioVersion = 10.0.40219.1
Project("{FAE04EC0-301F-11D3-BF4B-00C04F79EFBC}") = "IAAI", "IAAI\IAAI.csproj", "{35EA4E4E-76F8-4369-AC5B-96CE8F3B27F7}"
EndProject
Global
	GlobalSection(SolutionConfigurationPlatforms) = preSolution
		Debug|Any CPU = Debug|Any CPU
		Release|Any CPU = Release|Any CPU
	EndGlobalSection
	GlobalSection(ProjectConfigurationPlatforms) = postSolution
		{35EA4E4E-76F8-4369-AC5B-96CE8F3B27F7}.Debug|Any CPU.ActiveCfg = Debug|Any CPU
		{35EA4E4E-76F8-4369-AC5B-96CE8F3B27F7}.Debug|Any CPU.Build.0 = Debug|Any CPU
		{35EA4E4E-76F8-4369-AC5B-96CE8F3B27F7}.Release|Any CPU.ActiveCfg = Release|Any CPU
		{35EA4E4E-76F8-4369-AC5B-96CE8F3B27F7}.Release|Any CPU.Build.0 = Release|Any CPU
	EndGlobalSection
	GlobalSection(SolutionProperties) = preSolution
		HideSolutionNode = FALSE
	EndGlobalSection
	GlobalSection(ExtensibilityGlobals) = postSolution
		SolutionGuid = {1CA98F86-7DFE-43C1-8E46-D45CC9C32DAD}
	EndGlobalSection
EndGlobal
